
Microsoft Visual Studio Solution File, Format Version 12.00
# Visual Studio 2012
Project("{8BC9CEB8-8B4A-11D0-8D11-00A0C91BC942}") = "constructor and distructor", "constructor and distructor\constructor and distructor.vcxproj", "{C82087C7-7E3C-4DE6-A359-C94F0998052B}"
EndProject
Global
	GlobalSection(SolutionConfigurationPlatforms) = preSolution
		Debug|Win32 = Debug|Win32
		Release|Win32 = Release|Win32
	EndGlobalSection
	GlobalSection(ProjectConfigurationPlatforms) = postSolution
		{C82087C7-7E3C-4DE6-A359-C94F0998052B}.Debug|Win32.ActiveCfg = Debug|Win32
		{C82087C7-7E3C-4DE6-A359-C94F0998052B}.Debug|Win32.Build.0 = Debug|Win32
		{C82087C7-7E3C-4DE6-A359-C94F0998052B}.Release|Win32.ActiveCfg = Release|Win32
		{C82087C7-7E3C-4DE6-A359-C94F0998052B}.Release|Win32.Build.0 = Release|Win32
	EndGlobalSection
	GlobalSection(SolutionProperties) = preSolution
		HideSolutionNode = FALSE
	EndGlobalSection
EndGlobal
