
Microsoft Visual Studio Solution File, Format Version 12.00
# Visual Studio 2012
Project("{8BC9CEB8-8B4A-11D0-8D11-00A0C91BC942}") = "Frind function and friend class", "Frind function and friend class\Frind function and friend class.vcxproj", "{E236DBD5-D14C-43FF-A19F-AB0597F9D44F}"
EndProject
Global
	GlobalSection(SolutionConfigurationPlatforms) = preSolution
		Debug|Win32 = Debug|Win32
		Release|Win32 = Release|Win32
	EndGlobalSection
	GlobalSection(ProjectConfigurationPlatforms) = postSolution
		{E236DBD5-D14C-43FF-A19F-AB0597F9D44F}.Debug|Win32.ActiveCfg = Debug|Win32
		{E236DBD5-D14C-43FF-A19F-AB0597F9D44F}.Debug|Win32.Build.0 = Debug|Win32
		{E236DBD5-D14C-43FF-A19F-AB0597F9D44F}.Release|Win32.ActiveCfg = Release|Win32
		{E236DBD5-D14C-43FF-A19F-AB0597F9D44F}.Release|Win32.Build.0 = Release|Win32
	EndGlobalSection
	GlobalSection(SolutionProperties) = preSolution
		HideSolutionNode = FALSE
	EndGlobalSection
EndGlobal
